
Microsoft Visual Studio Solution File, Format Version 12.00
# Visual Studio Version 17
VisualStudioVersion = 17.9.34622.214
MinimumVisualStudioVersion = 10.0.40219.1
Project("{9A19103F-16F7-4668-BE54-9A1E7A4F7556}") = "SvojasOrder", "SvojasOrder\SvojasOrder.csproj", "{13EFB965-30AB-4A2F-91DA-E09AE422DFC7}"
EndProject
Project("{2150E333-8FDC-42A3-9474-1A3956D46DE8}") = "Core", "Core", "{0F548A3B-DD59-46F4-8AF5-475F60E287C7}"
EndProject
Project("{2150E333-8FDC-42A3-9474-1A3956D46DE8}") = "Infrastructure", "Infrastructure", "{B287A1D0-3980-4AD4-AA8C-F3689D1D9CF1}"
EndProject
Project("{9A19103F-16F7-4668-BE54-9A1E7A4F7556}") = "Repository", "Repository\Repository.csproj", "{C8E69654-8FC5-42EF-BADD-B9B6D6E1F9B9}"
EndProject
Project("{9A19103F-16F7-4668-BE54-9A1E7A4F7556}") = "Services", "Services\Services.csproj", "{52CD0728-27CC-426B-8042-D0537C490669}"
EndProject
Project("{9A19103F-16F7-4668-BE54-9A1E7A4F7556}") = "Domain", "Domain\Domain.csproj", "{6A33F647-F617-48AC-BCCB-0B739C10E2C5}"
EndProject
Project("{9A19103F-16F7-4668-BE54-9A1E7A4F7556}") = "Common", "Common\Common.csproj", "{A085C291-F206-43B3-B27F-497FADDD94DC}"
EndProject
Global
	GlobalSection(SolutionConfigurationPlatforms) = preSolution
		Debug|Any CPU = Debug|Any CPU
		Release|Any CPU = Release|Any CPU
	EndGlobalSection
	GlobalSection(ProjectConfigurationPlatforms) = postSolution
		{13EFB965-30AB-4A2F-91DA-E09AE422DFC7}.Debug|Any CPU.ActiveCfg = Debug|Any CPU
		{13EFB965-30AB-4A2F-91DA-E09AE422DFC7}.Debug|Any CPU.Build.0 = Debug|Any CPU
		{13EFB965-30AB-4A2F-91DA-E09AE422DFC7}.Release|Any CPU.ActiveCfg = Release|Any CPU
		{13EFB965-30AB-4A2F-91DA-E09AE422DFC7}.Release|Any CPU.Build.0 = Release|Any CPU
		{C8E69654-8FC5-42EF-BADD-B9B6D6E1F9B9}.Debug|Any CPU.ActiveCfg = Debug|Any CPU
		{C8E69654-8FC5-42EF-BADD-B9B6D6E1F9B9}.Debug|Any CPU.Build.0 = Debug|Any CPU
		{C8E69654-8FC5-42EF-BADD-B9B6D6E1F9B9}.Release|Any CPU.ActiveCfg = Release|Any CPU
		{C8E69654-8FC5-42EF-BADD-B9B6D6E1F9B9}.Release|Any CPU.Build.0 = Release|Any CPU
		{52CD0728-27CC-426B-8042-D0537C490669}.Debug|Any CPU.ActiveCfg = Debug|Any CPU
		{52CD0728-27CC-426B-8042-D0537C490669}.Debug|Any CPU.Build.0 = Debug|Any CPU
		{52CD0728-27CC-426B-8042-D0537C490669}.Release|Any CPU.ActiveCfg = Release|Any CPU
		{52CD0728-27CC-426B-8042-D0537C490669}.Release|Any CPU.Build.0 = Release|Any CPU
		{6A33F647-F617-48AC-BCCB-0B739C10E2C5}.Debug|Any CPU.ActiveCfg = Debug|Any CPU
		{6A33F647-F617-48AC-BCCB-0B739C10E2C5}.Debug|Any CPU.Build.0 = Debug|Any CPU
		{6A33F647-F617-48AC-BCCB-0B739C10E2C5}.Release|Any CPU.ActiveCfg = Release|Any CPU
		{6A33F647-F617-48AC-BCCB-0B739C10E2C5}.Release|Any CPU.Build.0 = Release|Any CPU
		{A085C291-F206-43B3-B27F-497FADDD94DC}.Debug|Any CPU.ActiveCfg = Debug|Any CPU
		{A085C291-F206-43B3-B27F-497FADDD94DC}.Debug|Any CPU.Build.0 = Debug|Any CPU
		{A085C291-F206-43B3-B27F-497FADDD94DC}.Release|Any CPU.ActiveCfg = Release|Any CPU
		{A085C291-F206-43B3-B27F-497FADDD94DC}.Release|Any CPU.Build.0 = Release|Any CPU
	EndGlobalSection
	GlobalSection(SolutionProperties) = preSolution
		HideSolutionNode = FALSE
	EndGlobalSection
	GlobalSection(NestedProjects) = preSolution
		{C8E69654-8FC5-42EF-BADD-B9B6D6E1F9B9} = {B287A1D0-3980-4AD4-AA8C-F3689D1D9CF1}
		{52CD0728-27CC-426B-8042-D0537C490669} = {0F548A3B-DD59-46F4-8AF5-475F60E287C7}
		{6A33F647-F617-48AC-BCCB-0B739C10E2C5} = {0F548A3B-DD59-46F4-8AF5-475F60E287C7}
		{A085C291-F206-43B3-B27F-497FADDD94DC} = {0F548A3B-DD59-46F4-8AF5-475F60E287C7}
	EndGlobalSection
	GlobalSection(ExtensibilityGlobals) = postSolution
		SolutionGuid = {ABF7C8F5-CAAE-4DC5-B932-10EB76CBB33F}
	EndGlobalSection
EndGlobal
