
Microsoft Visual Studio Solution File, Format Version 12.00
# Visual Studio Version 18
VisualStudioVersion = 18.1.11312.151 d18.0
MinimumVisualStudioVersion = 10.0.40219.1
Project("{FAE04EC0-301F-11D3-BF4B-00C04F79EFBC}") = "SvojasOrder", "SvojasOrder\SvojasOrder.csproj", "{13EFB965-30AB-4A2F-91DA-E09AE422DFC7}"
EndProject
Project("{2150E333-8FDC-42A3-9474-1A3956D46DE8}") = "Core", "Core", "{0F548A3B-DD59-46F4-8AF5-475F60E287C7}"
EndProject
Project("{2150E333-8FDC-42A3-9474-1A3956D46DE8}") = "Infrastructure", "Infrastructure", "{B287A1D0-3980-4AD4-AA8C-F3689D1D9CF1}"
EndProject
Project("{FAE04EC0-301F-11D3-BF4B-00C04F79EFBC}") = "Repository", "Repository\Repository.csproj", "{C8E69654-8FC5-42EF-BADD-B9B6D6E1F9B9}"
EndProject
Project("{FAE04EC0-301F-11D3-BF4B-00C04F79EFBC}") = "Services", "Services\Services.csproj", "{D41C3023-1013-42F3-BC75-3D4970185258}"
EndProject
Project("{FAE04EC0-301F-11D3-BF4B-00C04F79EFBC}") = "Domain", "Domain\Domain.csproj", "{16BD0419-A2F9-42C8-AF28-939FCC7D4329}"
EndProject
Project("{FAE04EC0-301F-11D3-BF4B-00C04F79EFBC}") = "Common", "Common\Common.csproj", "{24D084A0-4698-4963-A891-940F84991A46}"
EndProject
Global
	GlobalSection(SolutionConfigurationPlatforms) = preSolution
		Debug|Any CPU = Debug|Any CPU
		Release|Any CPU = Release|Any CPU
	EndGlobalSection
	GlobalSection(ProjectConfigurationPlatforms) = postSolution
		{13EFB965-30AB-4A2F-91DA-E09AE422DFC7}.Debug|Any CPU.ActiveCfg = Debug|Any CPU
		{13EFB965-30AB-4A2F-91DA-E09AE422DFC7}.Debug|Any CPU.Build.0 = Debug|Any CPU
		{13EFB965-30AB-4A2F-91DA-E09AE422DFC7}.Release|Any CPU.ActiveCfg = Release|Any CPU
		{13EFB965-30AB-4A2F-91DA-E09AE422DFC7}.Release|Any CPU.Build.0 = Release|Any CPU
		{C8E69654-8FC5-42EF-BADD-B9B6D6E1F9B9}.Debug|Any CPU.ActiveCfg = Debug|Any CPU
		{C8E69654-8FC5-42EF-BADD-B9B6D6E1F9B9}.Debug|Any CPU.Build.0 = Debug|Any CPU
		{C8E69654-8FC5-42EF-BADD-B9B6D6E1F9B9}.Release|Any CPU.ActiveCfg = Release|Any CPU
		{C8E69654-8FC5-42EF-BADD-B9B6D6E1F9B9}.Release|Any CPU.Build.0 = Release|Any CPU
		{D41C3023-1013-42F3-BC75-3D4970185258}.Debug|Any CPU.ActiveCfg = Debug|Any CPU
		{D41C3023-1013-42F3-BC75-3D4970185258}.Debug|Any CPU.Build.0 = Debug|Any CPU
		{D41C3023-1013-42F3-BC75-3D4970185258}.Release|Any CPU.ActiveCfg = Release|Any CPU
		{D41C3023-1013-42F3-BC75-3D4970185258}.Release|Any CPU.Build.0 = Release|Any CPU
		{16BD0419-A2F9-42C8-AF28-939FCC7D4329}.Debug|Any CPU.ActiveCfg = Debug|Any CPU
		{16BD0419-A2F9-42C8-AF28-939FCC7D4329}.Debug|Any CPU.Build.0 = Debug|Any CPU
		{16BD0419-A2F9-42C8-AF28-939FCC7D4329}.Release|Any CPU.ActiveCfg = Release|Any CPU
		{16BD0419-A2F9-42C8-AF28-939FCC7D4329}.Release|Any CPU.Build.0 = Release|Any CPU
		{24D084A0-4698-4963-A891-940F84991A46}.Debug|Any CPU.ActiveCfg = Debug|Any CPU
		{24D084A0-4698-4963-A891-940F84991A46}.Debug|Any CPU.Build.0 = Debug|Any CPU
		{24D084A0-4698-4963-A891-940F84991A46}.Release|Any CPU.ActiveCfg = Release|Any CPU
		{24D084A0-4698-4963-A891-940F84991A46}.Release|Any CPU.Build.0 = Release|Any CPU
	EndGlobalSection
	GlobalSection(SolutionProperties) = preSolution
		HideSolutionNode = FALSE
	EndGlobalSection
	GlobalSection(NestedProjects) = preSolution
		{C8E69654-8FC5-42EF-BADD-B9B6D6E1F9B9} = {B287A1D0-3980-4AD4-AA8C-F3689D1D9CF1}
		{D41C3023-1013-42F3-BC75-3D4970185258} = {0F548A3B-DD59-46F4-8AF5-475F60E287C7}
		{16BD0419-A2F9-42C8-AF28-939FCC7D4329} = {0F548A3B-DD59-46F4-8AF5-475F60E287C7}
		{24D084A0-4698-4963-A891-940F84991A46} = {0F548A3B-DD59-46F4-8AF5-475F60E287C7}
	EndGlobalSection
	GlobalSection(ExtensibilityGlobals) = postSolution
		SolutionGuid = {ABF7C8F5-CAAE-4DC5-B932-10EB76CBB33F}
	EndGlobalSection
EndGlobal
